
Microsoft Visual Studio Solution File, Format Version 12.00
# Visual Studio Version 16
VisualStudioVersion = 16.0.31624.102
MinimumVisualStudioVersion = 10.0.40219.1
Project("{FAE04EC0-301F-11D3-BF4B-00C04F79EFBC}") = "Iteration Statements Tech3", "Iteration Statements Tech3.csproj", "{5464A7F4-2CF1-4B91-8E05-BCCA66469707}"
EndProject
Global
	GlobalSection(SolutionConfigurationPlatforms) = preSolution
		Debug|Any CPU = Debug|Any CPU
		Release|Any CPU = Release|Any CPU
	EndGlobalSection
	GlobalSection(ProjectConfigurationPlatforms) = postSolution
		{5464A7F4-2CF1-4B91-8E05-BCCA66469707}.Debug|Any CPU.ActiveCfg = Debug|Any CPU
		{5464A7F4-2CF1-4B91-8E05-BCCA66469707}.Debug|Any CPU.Build.0 = Debug|Any CPU
		{5464A7F4-2CF1-4B91-8E05-BCCA66469707}.Release|Any CPU.ActiveCfg = Release|Any CPU
		{5464A7F4-2CF1-4B91-8E05-BCCA66469707}.Release|Any CPU.Build.0 = Release|Any CPU
	EndGlobalSection
	GlobalSection(SolutionProperties) = preSolution
		HideSolutionNode = FALSE
	EndGlobalSection
	GlobalSection(ExtensibilityGlobals) = postSolution
		SolutionGuid = {6C742B97-F92E-4A21-904C-A11961CD1793}
	EndGlobalSection
EndGlobal
